// !$*UTF8*$!
{
	archiveVersion = 1;
	classes = {
	};
	objectVersion = 46;
	objects = {

/* Begin PBXBuildFile section */
		046B77D21DCDCD4200BBA571 /* main.m in Sources */ = {isa = PBXBuildFile; fileRef = 046B77D11DCDCD4200BBA571 /* main.m */; };
		046B77D51DCDCD4200BBA571 /* AppDelegate.m in Sources */ = {isa = PBXBuildFile; fileRef = 046B77D41DCDCD4200BBA571 /* AppDelegate.m */; };
		046B77D81DCDCD4200BBA571 /* ViewController.m in Sources */ = {isa = PBXBuildFile; fileRef = 046B77D71DCDCD4200BBA571 /* ViewController.m */; };
		046B77DB1DCDCD4200BBA571 /* Main.storyboard in Resources */ = {isa = PBXBuildFile; fileRef = 046B77D91DCDCD4200BBA571 /* Main.storyboard */; };
		046B77DD1DCDCD4200BBA571 /* Assets.xcassets in Resources */ = {isa = PBXBuildFile; fileRef = 046B77DC1DCDCD4200BBA571 /* Assets.xcassets */; };
		046B77E01DCDCD4200BBA571 /* LaunchScreen.storyboard in Resources */ = {isa = PBXBuildFile; fileRef = 046B77DE1DCDCD4200BBA571 /* LaunchScreen.storyboard */; };
		046B77FE1DCDCD8600BBA571 /* NSArray+ZKExtension.m in Sources */ = {isa = PBXBuildFile; fileRef = 046B77E91DCDCD8600BBA571 /* NSArray+ZKExtension.m */; };
		046B77FF1DCDCD8600BBA571 /* NSDate+ZKExtension.m in Sources */ = {isa = PBXBuildFile; fileRef = 046B77EB1DCDCD8600BBA571 /* NSDate+ZKExtension.m */; };
		046B78001DCDCD8600BBA571 /* NSDictionary+ZKExtension.m in Sources */ = {isa = PBXBuildFile; fileRef = 046B77ED1DCDCD8600BBA571 /* NSDictionary+ZKExtension.m */; };
		046B78021DCDCD8600BBA571 /* NSObject+ZKExtension.m in Sources */ = {isa = PBXBuildFile; fileRef = 046B77F11DCDCD8600BBA571 /* NSObject+ZKExtension.m */; };
		046B78031DCDCD8600BBA571 /* NSString+ZKExtension.m in Sources */ = {isa = PBXBuildFile; fileRef = 046B77F31DCDCD8600BBA571 /* NSString+ZKExtension.m */; };
		046B78041DCDCD8600BBA571 /* UIColor+ZKExtension.m in Sources */ = {isa = PBXBuildFile; fileRef = 046B77F51DCDCD8600BBA571 /* UIColor+ZKExtension.m */; };
		046B78051DCDCD8600BBA571 /* UIImage+ZKExtension.m in Sources */ = {isa = PBXBuildFile; fileRef = 046B77F71DCDCD8600BBA571 /* UIImage+ZKExtension.m */; };
		046B78061DCDCD8600BBA571 /* UINavigationController+ZKExtension.m in Sources */ = {isa = PBXBuildFile; fileRef = 046B77F91DCDCD8600BBA571 /* UINavigationController+ZKExtension.m */; };
		046B78071DCDCD8600BBA571 /* UIView+ZKExtension.m in Sources */ = {isa = PBXBuildFile; fileRef = 046B77FB1DCDCD8600BBA571 /* UIView+ZKExtension.m */; };
		046B78081DCDCD8600BBA571 /* UIViewController+ZKExtension.m in Sources */ = {isa = PBXBuildFile; fileRef = 046B77FD1DCDCD8600BBA571 /* UIViewController+ZKExtension.m */; };
/* End PBXBuildFile section */

/* Begin PBXFileReference section */
		046B77CD1DCDCD4200BBA571 /* Demo.app */ = {isa = PBXFileReference; explicitFileType = wrapper.application; includeInIndex = 0; path = Demo.app; sourceTree = BUILT_PRODUCTS_DIR; };
		046B77D11DCDCD4200BBA571 /* main.m */ = {isa = PBXFileReference; lastKnownFileType = sourcecode.c.objc; path = main.m; sourceTree = "<group>"; };
		046B77D31DCDCD4200BBA571 /* AppDelegate.h */ = {isa = PBXFileReference; lastKnownFileType = sourcecode.c.h; path = AppDelegate.h; sourceTree = "<group>"; };
		046B77D41DCDCD4200BBA571 /* AppDelegate.m */ = {isa = PBXFileReference; lastKnownFileType = sourcecode.c.objc; path = AppDelegate.m; sourceTree = "<group>"; };
		046B77D61DCDCD4200BBA571 /* ViewController.h */ = {isa = PBXFileReference; lastKnownFileType = sourcecode.c.h; path = ViewController.h; sourceTree = "<group>"; };
		046B77D71DCDCD4200BBA571 /* ViewController.m */ = {isa = PBXFileReference; lastKnownFileType = sourcecode.c.objc; path = ViewController.m; sourceTree = "<group>"; };
		046B77DA1DCDCD4200BBA571 /* Base */ = {isa = PBXFileReference; lastKnownFileType = file.storyboard; name = Base; path = Base.lproj/Main.storyboard; sourceTree = "<group>"; };
		046B77DC1DCDCD4200BBA571 /* Assets.xcassets */ = {isa = PBXFileReference; lastKnownFileType = folder.assetcatalog; path = Assets.xcassets; sourceTree = "<group>"; };
		046B77DF1DCDCD4200BBA571 /* Base */ = {isa = PBXFileReference; lastKnownFileType = file.storyboard; name = Base; path = Base.lproj/LaunchScreen.storyboard; sourceTree = "<group>"; };
		046B77E11DCDCD4200BBA571 /* Info.plist */ = {isa = PBXFileReference; lastKnownFileType = text.plist.xml; path = Info.plist; sourceTree = "<group>"; };
		046B77E81DCDCD8600BBA571 /* NSArray+ZKExtension.h */ = {isa = PBXFileReference; fileEncoding = 4; lastKnownFileType = sourcecode.c.h; path = "NSArray+ZKExtension.h"; sourceTree = "<group>"; };
		046B77E91DCDCD8600BBA571 /* NSArray+ZKExtension.m */ = {isa = PBXFileReference; fileEncoding = 4; lastKnownFileType = sourcecode.c.objc; path = "NSArray+ZKExtension.m"; sourceTree = "<group>"; };
		046B77EA1DCDCD8600BBA571 /* NSDate+ZKExtension.h */ = {isa = PBXFileReference; fileEncoding = 4; lastKnownFileType = sourcecode.c.h; path = "NSDate+ZKExtension.h"; sourceTree = "<group>"; };
		046B77EB1DCDCD8600BBA571 /* NSDate+ZKExtension.m */ = {isa = PBXFileReference; fileEncoding = 4; lastKnownFileType = sourcecode.c.objc; path = "NSDate+ZKExtension.m"; sourceTree = "<group>"; };
		046B77EC1DCDCD8600BBA571 /* NSDictionary+ZKExtension.h */ = {isa = PBXFileReference; fileEncoding = 4; lastKnownFileType = sourcecode.c.h; path = "NSDictionary+ZKExtension.h"; sourceTree = "<group>"; };
		046B77ED1DCDCD8600BBA571 /* NSDictionary+ZKExtension.m */ = {isa = PBXFileReference; fileEncoding = 4; lastKnownFileType = sourcecode.c.objc; path = "NSDictionary+ZKExtension.m"; sourceTree = "<group>"; };
		046B77F01DCDCD8600BBA571 /* NSObject+ZKExtension.h */ = {isa = PBXFileReference; fileEncoding = 4; lastKnownFileType = sourcecode.c.h; path = "NSObject+ZKExtension.h"; sourceTree = "<group>"; };
		046B77F11DCDCD8600BBA571 /* NSObject+ZKExtension.m */ = {isa = PBXFileReference; fileEncoding = 4; lastKnownFileType = sourcecode.c.objc; path = "NSObject+ZKExtension.m"; sourceTree = "<group>"; };
		046B77F21DCDCD8600BBA571 /* NSString+ZKExtension.h */ = {isa = PBXFileReference; fileEncoding = 4; lastKnownFileType = sourcecode.c.h; path = "NSString+ZKExtension.h"; sourceTree = "<group>"; };
		046B77F31DCDCD8600BBA571 /* NSString+ZKExtension.m */ = {isa = PBXFileReference; fileEncoding = 4; lastKnownFileType = sourcecode.c.objc; path = "NSString+ZKExtension.m"; sourceTree = "<group>"; };
		046B77F41DCDCD8600BBA571 /* UIColor+ZKExtension.h */ = {isa = PBXFileReference; fileEncoding = 4; lastKnownFileType = sourcecode.c.h; path = "UIColor+ZKExtension.h"; sourceTree = "<group>"; };
		046B77F51DCDCD8600BBA571 /* UIColor+ZKExtension.m */ = {isa = PBXFileReference; fileEncoding = 4; lastKnownFileType = sourcecode.c.objc; path = "UIColor+ZKExtension.m"; sourceTree = "<group>"; };
		046B77F61DCDCD8600BBA571 /* UIImage+ZKExtension.h */ = {isa = PBXFileReference; fileEncoding = 4; lastKnownFileType = sourcecode.c.h; path = "UIImage+ZKExtension.h"; sourceTree = "<group>"; };
		046B77F71DCDCD8600BBA571 /* UIImage+ZKExtension.m */ = {isa = PBXFileReference; fileEncoding = 4; lastKnownFileType = sourcecode.c.objc; path = "UIImage+ZKExtension.m"; sourceTree = "<group>"; };
		046B77F81DCDCD8600BBA571 /* UINavigationController+ZKExtension.h */ = {isa = PBXFileReference; fileEncoding = 4; lastKnownFileType = sourcecode.c.h; path = "UINavigationController+ZKExtension.h"; sourceTree = "<group>"; };
		046B77F91DCDCD8600BBA571 /* UINavigationController+ZKExtension.m */ = {isa = PBXFileReference; fileEncoding = 4; lastKnownFileType = sourcecode.c.objc; path = "UINavigationController+ZKExtension.m"; sourceTree = "<group>"; };
		046B77FA1DCDCD8600BBA571 /* UIView+ZKExtension.h */ = {isa = PBXFileReference; fileEncoding = 4; lastKnownFileType = sourcecode.c.h; path = "UIView+ZKExtension.h"; sourceTree = "<group>"; };
		046B77FB1DCDCD8600BBA571 /* UIView+ZKExtension.m */ = {isa = PBXFileReference; fileEncoding = 4; lastKnownFileType = sourcecode.c.objc; path = "UIView+ZKExtension.m"; sourceTree = "<group>"; };
		046B77FC1DCDCD8600BBA571 /* UIViewController+ZKExtension.h */ = {isa = PBXFileReference; fileEncoding = 4; lastKnownFileType = sourcecode.c.h; path = "UIViewController+ZKExtension.h"; sourceTree = "<group>"; };
		046B77FD1DCDCD8600BBA571 /* UIViewController+ZKExtension.m */ = {isa = PBXFileReference; fileEncoding = 4; lastKnownFileType = sourcecode.c.objc; path = "UIViewController+ZKExtension.m"; sourceTree = "<group>"; };
/* End PBXFileReference section */

/* Begin PBXFrameworksBuildPhase section */
		046B77CA1DCDCD4200BBA571 /* Frameworks */ = {
			isa = PBXFrameworksBuildPhase;
			buildActionMask = 2147483647;
			files = (
			);
			runOnlyForDeploymentPostprocessing = 0;
		};
/* End PBXFrameworksBuildPhase section */

/* Begin PBXGroup section */
		046B77C41DCDCD4200BBA571 = {
			isa = PBXGroup;
			children = (
				046B77CF1DCDCD4200BBA571 /* Demo */,
				046B77CE1DCDCD4200BBA571 /* Products */,
			);
			sourceTree = "<group>";
		};
		046B77CE1DCDCD4200BBA571 /* Products */ = {
			isa = PBXGroup;
			children = (
				046B77CD1DCDCD4200BBA571 /* Demo.app */,
			);
			name = Products;
			sourceTree = "<group>";
		};
		046B77CF1DCDCD4200BBA571 /* Demo */ = {
			isa = PBXGroup;
			children = (
				046B77D31DCDCD4200BBA571 /* AppDelegate.h */,
				046B77D41DCDCD4200BBA571 /* AppDelegate.m */,
				046B77D61DCDCD4200BBA571 /* ViewController.h */,
				046B77D71DCDCD4200BBA571 /* ViewController.m */,
				046B77E71DCDCD8600BBA571 /* ZKExtension */,
				046B77D01DCDCD4200BBA571 /* Supporting Files */,
				046B77DC1DCDCD4200BBA571 /* Assets.xcassets */,
			);
			path = Demo;
			sourceTree = "<group>";
		};
		046B77D01DCDCD4200BBA571 /* Supporting Files */ = {
			isa = PBXGroup;
			children = (
				046B77DE1DCDCD4200BBA571 /* LaunchScreen.storyboard */,
				046B77D91DCDCD4200BBA571 /* Main.storyboard */,
				046B77E11DCDCD4200BBA571 /* Info.plist */,
				046B77D11DCDCD4200BBA571 /* main.m */,
			);
			name = "Supporting Files";
			sourceTree = "<group>";
		};
		046B77E71DCDCD8600BBA571 /* ZKExtension */ = {
			isa = PBXGroup;
			children = (
				046B77F01DCDCD8600BBA571 /* NSObject+ZKExtension.h */,
				046B77F11DCDCD8600BBA571 /* NSObject+ZKExtension.m */,
				046B77F21DCDCD8600BBA571 /* NSString+ZKExtension.h */,
				046B77F31DCDCD8600BBA571 /* NSString+ZKExtension.m */,
				046B77EA1DCDCD8600BBA571 /* NSDate+ZKExtension.h */,
				046B77EB1DCDCD8600BBA571 /* NSDate+ZKExtension.m */,
				046B77E81DCDCD8600BBA571 /* NSArray+ZKExtension.h */,
				046B77E91DCDCD8600BBA571 /* NSArray+ZKExtension.m */,
				046B77EC1DCDCD8600BBA571 /* NSDictionary+ZKExtension.h */,
				046B77ED1DCDCD8600BBA571 /* NSDictionary+ZKExtension.m */,
				046B77F41DCDCD8600BBA571 /* UIColor+ZKExtension.h */,
				046B77F51DCDCD8600BBA571 /* UIColor+ZKExtension.m */,
				046B77F61DCDCD8600BBA571 /* UIImage+ZKExtension.h */,
				046B77F71DCDCD8600BBA571 /* UIImage+ZKExtension.m */,
				046B77FA1DCDCD8600BBA571 /* UIView+ZKExtension.h */,
				046B77FB1DCDCD8600BBA571 /* UIView+ZKExtension.m */,
				046B77FC1DCDCD8600BBA571 /* UIViewController+ZKExtension.h */,
				046B77FD1DCDCD8600BBA571 /* UIViewController+ZKExtension.m */,
				046B77F81DCDCD8600BBA571 /* UINavigationController+ZKExtension.h */,
				046B77F91DCDCD8600BBA571 /* UINavigationController+ZKExtension.m */,
			);
			path = ZKExtension;
			sourceTree = "<group>";
		};
/* End PBXGroup section */

/* Begin PBXNativeTarget section */
		046B77CC1DCDCD4200BBA571 /* Demo */ = {
			isa = PBXNativeTarget;
			buildConfigurationList = 046B77E41DCDCD4200BBA571 /* Build configuration list for PBXNativeTarget "Demo" */;
			buildPhases = (
				046B77C91DCDCD4200BBA571 /* Sources */,
				046B77CA1DCDCD4200BBA571 /* Frameworks */,
				046B77CB1DCDCD4200BBA571 /* Resources */,
			);
			buildRules = (
			);
			dependencies = (
			);
			name = Demo;
			productName = Demo;
			productReference = 046B77CD1DCDCD4200BBA571 /* Demo.app */;
			productType = "com.apple.product-type.application";
		};
/* End PBXNativeTarget section */

/* Begin PBXProject section */
		046B77C51DCDCD4200BBA571 /* Project object */ = {
			isa = PBXProject;
			attributes = {
				LastUpgradeCheck = 0800;
				ORGANIZATIONNAME = mushank;
				TargetAttributes = {
					046B77CC1DCDCD4200BBA571 = {
						CreatedOnToolsVersion = 8.0;
						ProvisioningStyle = Automatic;
					};
				};
			};
			buildConfigurationList = 046B77C81DCDCD4200BBA571 /* Build configuration list for PBXProject "Demo" */;
			compatibilityVersion = "Xcode 3.2";
			developmentRegion = English;
			hasScannedForEncodings = 0;
			knownRegions = (
				en,
				Base,
			);
			mainGroup = 046B77C41DCDCD4200BBA571;
			productRefGroup = 046B77CE1DCDCD4200BBA571 /* Products */;
			projectDirPath = "";
			projectRoot = "";
			targets = (
				046B77CC1DCDCD4200BBA571 /* Demo */,
			);
		};
/* End PBXProject section */

/* Begin PBXResourcesBuildPhase section */
		046B77CB1DCDCD4200BBA571 /* Resources */ = {
			isa = PBXResourcesBuildPhase;
			buildActionMask = 2147483647;
			files = (
				046B77E01DCDCD4200BBA571 /* LaunchScreen.storyboard in Resources */,
				046B77DD1DCDCD4200BBA571 /* Assets.xcassets in Resources */,
				046B77DB1DCDCD4200BBA571 /* Main.storyboard in Resources */,
			);
			runOnlyForDeploymentPostprocessing = 0;
		};
/* End PBXResourcesBuildPhase section */

/* Begin PBXSourcesBuildPhase section */
		046B77C91DCDCD4200BBA571 /* Sources */ = {
			isa = PBXSourcesBuildPhase;
			buildActionMask = 2147483647;
			files = (
				046B77D81DCDCD4200BBA571 /* ViewController.m in Sources */,
				046B78001DCDCD8600BBA571 /* NSDictionary+ZKExtension.m in Sources */,
				046B78061DCDCD8600BBA571 /* UINavigationController+ZKExtension.m in Sources */,
				046B77FE1DCDCD8600BBA571 /* NSArray+ZKExtension.m in Sources */,
				046B77D51DCDCD4200BBA571 /* AppDelegate.m in Sources */,
				046B77FF1DCDCD8600BBA571 /* NSDate+ZKExtension.m in Sources */,
				046B78031DCDCD8600BBA571 /* NSString+ZKExtension.m in Sources */,
				046B78051DCDCD8600BBA571 /* UIImage+ZKExtension.m in Sources */,
				046B78041DCDCD8600BBA571 /* UIColor+ZKExtension.m in Sources */,
				046B78081DCDCD8600BBA571 /* UIViewController+ZKExtension.m in Sources */,
				046B78021DCDCD8600BBA571 /* NSObject+ZKExtension.m in Sources */,
				046B78071DCDCD8600BBA571 /* UIView+ZKExtension.m in Sources */,
				046B77D21DCDCD4200BBA571 /* main.m in Sources */,
			);
			runOnlyForDeploymentPostprocessing = 0;
		};
/* End PBXSourcesBuildPhase section */

/* Begin PBXVariantGroup section */
		046B77D91DCDCD4200BBA571 /* Main.storyboard */ = {
			isa = PBXVariantGroup;
			children = (
				046B77DA1DCDCD4200BBA571 /* Base */,
			);
			name = Main.storyboard;
			sourceTree = "<group>";
		};
		046B77DE1DCDCD4200BBA571 /* LaunchScreen.storyboard */ = {
			isa = PBXVariantGroup;
			children = (
				046B77DF1DCDCD4200BBA571 /* Base */,
			);
			name = LaunchScreen.storyboard;
			sourceTree = "<group>";
		};
/* End PBXVariantGroup section */

/* Begin XCBuildConfiguration section */
		046B77E21DCDCD4200BBA571 /* Debug */ = {
			isa = XCBuildConfiguration;
			buildSettings = {
				ALWAYS_SEARCH_USER_PATHS = NO;
				CLANG_ANALYZER_NONNULL = YES;
				CLANG_CXX_LANGUAGE_STANDARD = "gnu++0x";
				CLANG_CXX_LIBRARY = "libc++";
				CLANG_ENABLE_MODULES = YES;
				CLANG_ENABLE_OBJC_ARC = YES;
				CLANG_WARN_BOOL_CONVERSION = YES;
				CLANG_WARN_CONSTANT_CONVERSION = YES;
				CLANG_WARN_DIRECT_OBJC_ISA_USAGE = YES_ERROR;
				CLANG_WARN_DOCUMENTATION_COMMENTS = YES;
				CLANG_WARN_EMPTY_BODY = YES;
				CLANG_WARN_ENUM_CONVERSION = YES;
				CLANG_WARN_INFINITE_RECURSION = YES;
				CLANG_WARN_INT_CONVERSION = YES;
				CLANG_WARN_OBJC_ROOT_CLASS = YES_ERROR;
				CLANG_WARN_SUSPICIOUS_MOVES = YES;
				CLANG_WARN_UNREACHABLE_CODE = YES;
				CLANG_WARN__DUPLICATE_METHOD_MATCH = YES;
				"CODE_SIGN_IDENTITY[sdk=iphoneos*]" = "iPhone Developer";
				COPY_PHASE_STRIP = NO;
				DEBUG_INFORMATION_FORMAT = dwarf;
				ENABLE_STRICT_OBJC_MSGSEND = YES;
				ENABLE_TESTABILITY = YES;
				GCC_C_LANGUAGE_STANDARD = gnu99;
				GCC_DYNAMIC_NO_PIC = NO;
				GCC_NO_COMMON_BLOCKS = YES;
				GCC_OPTIMIZATION_LEVEL = 0;
				GCC_PREPROCESSOR_DEFINITIONS = (
					"DEBUG=1",
					"$(inherited)",
				);
				GCC_WARN_64_TO_32_BIT_CONVERSION = YES;
				GCC_WARN_ABOUT_RETURN_TYPE = YES_ERROR;
				GCC_WARN_UNDECLARED_SELECTOR = YES;
				GCC_WARN_UNINITIALIZED_AUTOS = YES_AGGRESSIVE;
				GCC_WARN_UNUSED_FUNCTION = YES;
				GCC_WARN_UNUSED_VARIABLE = YES;
				IPHONEOS_DEPLOYMENT_TARGET = 10.0;
				MTL_ENABLE_DEBUG_INFO = YES;
				ONLY_ACTIVE_ARCH = YES;
				SDKROOT = iphoneos;
				TARGETED_DEVICE_FAMILY = "1,2";
			};
			name = Debug;
		};
		046B77E31DCDCD4200BBA571 /* Release */ = {
			isa = XCBuildConfiguration;
			buildSettings = {
				ALWAYS_SEARCH_USER_PATHS = NO;
				CLANG_ANALYZER_NONNULL = YES;
				CLANG_CXX_LANGUAGE_STANDARD = "gnu++0x";
				CLANG_CXX_LIBRARY = "libc++";
				CLANG_ENABLE_MODULES = YES;
				CLANG_ENABLE_OBJC_ARC = YES;
				CLANG_WARN_BOOL_CONVERSION = YES;
				CLANG_WARN_CONSTANT_CONVERSION = YES;
				CLANG_WARN_DIRECT_OBJC_ISA_USAGE = YES_ERROR;
				CLANG_WARN_DOCUMENTATION_COMMENTS = YES;
				CLANG_WARN_EMPTY_BODY = YES;
				CLANG_WARN_ENUM_CONVERSION = YES;
				CLANG_WARN_INFINITE_RECURSION = YES;
				CLANG_WARN_INT_CONVERSION = YES;
				CLANG_WARN_OBJC_ROOT_CLASS = YES_ERROR;
				CLANG_WARN_SUSPICIOUS_MOVES = YES;
				CLANG_WARN_UNREACHABLE_CODE = YES;
				CLANG_WARN__DUPLICATE_METHOD_MATCH = YES;
				"CODE_SIGN_IDENTITY[sdk=iphoneos*]" = "iPhone Developer";
				COPY_PHASE_STRIP = NO;
				DEBUG_INFORMATION_FORMAT = "dwarf-with-dsym";
				ENABLE_NS_ASSERTIONS = NO;
				ENABLE_STRICT_OBJC_MSGSEND = YES;
				GCC_C_LANGUAGE_STANDARD = gnu99;
				GCC_NO_COMMON_BLOCKS = YES;
				GCC_WARN_64_TO_32_BIT_CONVERSION = YES;
				GCC_WARN_ABOUT_RETURN_TYPE = YES_ERROR;
				GCC_WARN_UNDECLARED_SELECTOR = YES;
				GCC_WARN_UNINITIALIZED_AUTOS = YES_AGGRESSIVE;
				GCC_WARN_UNUSED_FUNCTION = YES;
				GCC_WARN_UNUSED_VARIABLE = YES;
				IPHONEOS_DEPLOYMENT_TARGET = 10.0;
				MTL_ENABLE_DEBUG_INFO = NO;
				SDKROOT = iphoneos;
				TARGETED_DEVICE_FAMILY = "1,2";
				VALIDATE_PRODUCT = YES;
			};
			name = Release;
		};
		046B77E51DCDCD4200BBA571 /* Debug */ = {
			isa = XCBuildConfiguration;
			buildSettings = {
				ASSETCATALOG_COMPILER_APPICON_NAME = AppIcon;
				INFOPLIST_FILE = Demo/Info.plist;
				LD_RUNPATH_SEARCH_PATHS = "$(inherited) @executable_path/Frameworks";
				PRODUCT_BUNDLE_IDENTIFIER = com.mushank.Demo;
				PRODUCT_NAME = "$(TARGET_NAME)";
			};
			name = Debug;
		};
		046B77E61DCDCD4200BBA571 /* Release */ = {
			isa = XCBuildConfiguration;
			buildSettings = {
				ASSETCATALOG_COMPILER_APPICON_NAME = AppIcon;
				INFOPLIST_FILE = Demo/Info.plist;
				LD_RUNPATH_SEARCH_PATHS = "$(inherited) @executable_path/Frameworks";
				PRODUCT_BUNDLE_IDENTIFIER = com.mushank.Demo;
				PRODUCT_NAME = "$(TARGET_NAME)";
			};
			name = Release;
		};
/* End XCBuildConfiguration section */

/* Begin XCConfigurationList section */
		046B77C81DCDCD4200BBA571 /* Build configuration list for PBXProject "Demo" */ = {
			isa = XCConfigurationList;
			buildConfigurations = (
				046B77E21DCDCD4200BBA571 /* Debug */,
				046B77E31DCDCD4200BBA571 /* Release */,
			);
			defaultConfigurationIsVisible = 0;
			defaultConfigurationName = Release;
		};
		046B77E41DCDCD4200BBA571 /* Build configuration list for PBXNativeTarget "Demo" */ = {
			isa = XCConfigurationList;
			buildConfigurations = (
				046B77E51DCDCD4200BBA571 /* Debug */,
				046B77E61DCDCD4200BBA571 /* Release */,
			);
			defaultConfigurationIsVisible = 0;
		};
/* End XCConfigurationList section */
	};
	rootObject = 046B77C51DCDCD4200BBA571 /* Project object */;
}
